
Microsoft Visual Studio Solution File, Format Version 12.00
# Visual Studio Version 16
VisualStudioVersion = 16.0.31424.327
MinimumVisualStudioVersion = 10.0.40219.1
Project("{8BC9CEB8-8B4A-11D0-8D11-00A0C91BC942}") = "cmd_sample", "cmd_sample\cmd_sample.vcxproj", "{749E0794-D1BE-48AA-993B-DCF410FD60A0}"
EndProject
Project("{8BC9CEB8-8B4A-11D0-8D11-00A0C91BC942}") = "temp_sample", "temp_sample\temp_sample.vcxproj", "{E1AECC56-BD00-463A-8BA2-54C2CEBD1C67}"
EndProject
Project("{8BC9CEB8-8B4A-11D0-8D11-00A0C91BC942}") = "update_fw_sample", "update_fw_sample\update_fw_sample.vcxproj", "{1410CDBB-0559-43E5-8C49-BD10812FD7C1}"
EndProject
Project("{8BC9CEB8-8B4A-11D0-8D11-00A0C91BC942}") = "double_camera_sample", "double_camera_sample\double_camera_sample.vcxproj", "{56973ACD-F48E-4BC2-A059-B10B12496FEB}"
EndProject
Global
	GlobalSection(SolutionConfigurationPlatforms) = preSolution
		Debug|x64 = Debug|x64
		Debug|x86 = Debug|x86
		Release|x64 = Release|x64
		Release|x86 = Release|x86
	EndGlobalSection
	GlobalSection(ProjectConfigurationPlatforms) = postSolution
		{749E0794-D1BE-48AA-993B-DCF410FD60A0}.Debug|x64.ActiveCfg = Debug|x64
		{749E0794-D1BE-48AA-993B-DCF410FD60A0}.Debug|x64.Build.0 = Debug|x64
		{749E0794-D1BE-48AA-993B-DCF410FD60A0}.Debug|x86.ActiveCfg = Debug|Win32
		{749E0794-D1BE-48AA-993B-DCF410FD60A0}.Debug|x86.Build.0 = Debug|Win32
		{749E0794-D1BE-48AA-993B-DCF410FD60A0}.Release|x64.ActiveCfg = Release|x64
		{749E0794-D1BE-48AA-993B-DCF410FD60A0}.Release|x64.Build.0 = Release|x64
		{749E0794-D1BE-48AA-993B-DCF410FD60A0}.Release|x86.ActiveCfg = Release|Win32
		{749E0794-D1BE-48AA-993B-DCF410FD60A0}.Release|x86.Build.0 = Release|Win32
		{E1AECC56-BD00-463A-8BA2-54C2CEBD1C67}.Debug|x64.ActiveCfg = Debug|x64
		{E1AECC56-BD00-463A-8BA2-54C2CEBD1C67}.Debug|x64.Build.0 = Debug|x64
		{E1AECC56-BD00-463A-8BA2-54C2CEBD1C67}.Debug|x86.ActiveCfg = Debug|Win32
		{E1AECC56-BD00-463A-8BA2-54C2CEBD1C67}.Debug|x86.Build.0 = Debug|Win32
		{E1AECC56-BD00-463A-8BA2-54C2CEBD1C67}.Release|x64.ActiveCfg = Release|x64
		{E1AECC56-BD00-463A-8BA2-54C2CEBD1C67}.Release|x64.Build.0 = Release|x64
		{E1AECC56-BD00-463A-8BA2-54C2CEBD1C67}.Release|x86.ActiveCfg = Release|Win32
		{E1AECC56-BD00-463A-8BA2-54C2CEBD1C67}.Release|x86.Build.0 = Release|Win32
		{1410CDBB-0559-43E5-8C49-BD10812FD7C1}.Debug|x64.ActiveCfg = Debug|x64
		{1410CDBB-0559-43E5-8C49-BD10812FD7C1}.Debug|x64.Build.0 = Debug|x64
		{1410CDBB-0559-43E5-8C49-BD10812FD7C1}.Debug|x86.ActiveCfg = Debug|Win32
		{1410CDBB-0559-43E5-8C49-BD10812FD7C1}.Debug|x86.Build.0 = Debug|Win32
		{1410CDBB-0559-43E5-8C49-BD10812FD7C1}.Release|x64.ActiveCfg = Release|x64
		{1410CDBB-0559-43E5-8C49-BD10812FD7C1}.Release|x64.Build.0 = Release|x64
		{1410CDBB-0559-43E5-8C49-BD10812FD7C1}.Release|x86.ActiveCfg = Release|Win32
		{1410CDBB-0559-43E5-8C49-BD10812FD7C1}.Release|x86.Build.0 = Release|Win32
		{56973ACD-F48E-4BC2-A059-B10B12496FEB}.Debug|x64.ActiveCfg = Debug|x64
		{56973ACD-F48E-4BC2-A059-B10B12496FEB}.Debug|x64.Build.0 = Debug|x64
		{56973ACD-F48E-4BC2-A059-B10B12496FEB}.Debug|x86.ActiveCfg = Debug|Win32
		{56973ACD-F48E-4BC2-A059-B10B12496FEB}.Debug|x86.Build.0 = Debug|Win32
		{56973ACD-F48E-4BC2-A059-B10B12496FEB}.Release|x64.ActiveCfg = Release|x64
		{56973ACD-F48E-4BC2-A059-B10B12496FEB}.Release|x64.Build.0 = Release|x64
		{56973ACD-F48E-4BC2-A059-B10B12496FEB}.Release|x86.ActiveCfg = Release|Win32
		{56973ACD-F48E-4BC2-A059-B10B12496FEB}.Release|x86.Build.0 = Release|Win32
	EndGlobalSection
	GlobalSection(SolutionProperties) = preSolution
		HideSolutionNode = FALSE
	EndGlobalSection
	GlobalSection(ExtensibilityGlobals) = postSolution
		SolutionGuid = {62B1E8D2-B5FB-4BF1-BC7F-74C8677EC8C1}
	EndGlobalSection
EndGlobal
